
Microsoft Visual Studio Solution File, Format Version 12.00
# Visual Studio Version 16
VisualStudioVersion = 16.0.30804.86
MinimumVisualStudioVersion = 10.0.40219.1
Project("{2150E333-8FDC-42A3-9474-1A3956D46DE8}") = "Services", "Services", "{392DE7D7-0966-4257-8488-5789F0EBD944}"
EndProject
Project("{9A19103F-16F7-4668-BE54-9A1E7A4F7556}") = "RefineryPrism.Services", "RefineryPrism\Services\RefineryPrism.Services\RefineryPrism.Services.csproj", "{AD5BAAB9-41CA-4A92-AC7C-CE7A03D35866}"
EndProject
Project("{9A19103F-16F7-4668-BE54-9A1E7A4F7556}") = "RefineryPrism.Services.Interfaces", "RefineryPrism\Services\RefineryPrism.Services.Interfaces\RefineryPrism.Services.Interfaces.csproj", "{F31A1015-CC0F-4BCC-BE41-F305A5A7C53D}"
EndProject
Project("{9A19103F-16F7-4668-BE54-9A1E7A4F7556}") = "RefineryPrism", "RefineryPrism\RefineryPrism\RefineryPrism.csproj", "{DAB8BA12-FEF8-457B-AC10-19B418C62C2F}"
EndProject
Project("{9A19103F-16F7-4668-BE54-9A1E7A4F7556}") = "RefineryPrism.Core", "RefineryPrism\RefineryPrism.Core\RefineryPrism.Core.csproj", "{A94BA4D4-1034-4308-9A39-259D4ED441CF}"
EndProject
Global
	GlobalSection(SolutionConfigurationPlatforms) = preSolution
		Debug|Any CPU = Debug|Any CPU
		Release|Any CPU = Release|Any CPU
	EndGlobalSection
	GlobalSection(ProjectConfigurationPlatforms) = postSolution
		{AD5BAAB9-41CA-4A92-AC7C-CE7A03D35866}.Debug|Any CPU.ActiveCfg = Debug|Any CPU
		{AD5BAAB9-41CA-4A92-AC7C-CE7A03D35866}.Debug|Any CPU.Build.0 = Debug|Any CPU
		{AD5BAAB9-41CA-4A92-AC7C-CE7A03D35866}.Release|Any CPU.ActiveCfg = Release|Any CPU
		{AD5BAAB9-41CA-4A92-AC7C-CE7A03D35866}.Release|Any CPU.Build.0 = Release|Any CPU
		{F31A1015-CC0F-4BCC-BE41-F305A5A7C53D}.Debug|Any CPU.ActiveCfg = Debug|Any CPU
		{F31A1015-CC0F-4BCC-BE41-F305A5A7C53D}.Debug|Any CPU.Build.0 = Debug|Any CPU
		{F31A1015-CC0F-4BCC-BE41-F305A5A7C53D}.Release|Any CPU.ActiveCfg = Release|Any CPU
		{F31A1015-CC0F-4BCC-BE41-F305A5A7C53D}.Release|Any CPU.Build.0 = Release|Any CPU
		{DAB8BA12-FEF8-457B-AC10-19B418C62C2F}.Debug|Any CPU.ActiveCfg = Debug|Any CPU
		{DAB8BA12-FEF8-457B-AC10-19B418C62C2F}.Debug|Any CPU.Build.0 = Debug|Any CPU
		{DAB8BA12-FEF8-457B-AC10-19B418C62C2F}.Release|Any CPU.ActiveCfg = Release|Any CPU
		{DAB8BA12-FEF8-457B-AC10-19B418C62C2F}.Release|Any CPU.Build.0 = Release|Any CPU
		{A94BA4D4-1034-4308-9A39-259D4ED441CF}.Debug|Any CPU.ActiveCfg = Debug|Any CPU
		{A94BA4D4-1034-4308-9A39-259D4ED441CF}.Debug|Any CPU.Build.0 = Debug|Any CPU
		{A94BA4D4-1034-4308-9A39-259D4ED441CF}.Release|Any CPU.ActiveCfg = Release|Any CPU
		{A94BA4D4-1034-4308-9A39-259D4ED441CF}.Release|Any CPU.Build.0 = Release|Any CPU
	EndGlobalSection
	GlobalSection(SolutionProperties) = preSolution
		HideSolutionNode = FALSE
	EndGlobalSection
	GlobalSection(NestedProjects) = preSolution
		{AD5BAAB9-41CA-4A92-AC7C-CE7A03D35866} = {392DE7D7-0966-4257-8488-5789F0EBD944}
		{F31A1015-CC0F-4BCC-BE41-F305A5A7C53D} = {392DE7D7-0966-4257-8488-5789F0EBD944}
	EndGlobalSection
	GlobalSection(ExtensibilityGlobals) = postSolution
		SolutionGuid = {5033A6F5-A331-4E9B-B5EE-C0663E3A88A4}
	EndGlobalSection
EndGlobal
